
Microsoft Visual Studio Solution File, Format Version 12.00
# Visual Studio Version 16
VisualStudioVersion = 16.0.32630.194
MinimumVisualStudioVersion = 10.0.40219.1
Project("{8BC9CEB8-8B4A-11D0-8D11-00A0C91BC942}") = "Messanger_Client", "Messanger_Client.vcxproj", "{5A39EC9D-6285-41F7-9756-90D853EAC4C8}"
EndProject
Global
	GlobalSection(SolutionConfigurationPlatforms) = preSolution
		Debug|x64 = Debug|x64
		Debug|x86 = Debug|x86
		Release|x64 = Release|x64
		Release|x86 = Release|x86
	EndGlobalSection
	GlobalSection(ProjectConfigurationPlatforms) = postSolution
		{5A39EC9D-6285-41F7-9756-90D853EAC4C8}.Debug|x64.ActiveCfg = Debug|x64
		{5A39EC9D-6285-41F7-9756-90D853EAC4C8}.Debug|x64.Build.0 = Debug|x64
		{5A39EC9D-6285-41F7-9756-90D853EAC4C8}.Debug|x86.ActiveCfg = Debug|x64
		{5A39EC9D-6285-41F7-9756-90D853EAC4C8}.Release|x64.ActiveCfg = Release|x64
		{5A39EC9D-6285-41F7-9756-90D853EAC4C8}.Release|x64.Build.0 = Release|x64
		{5A39EC9D-6285-41F7-9756-90D853EAC4C8}.Release|x86.ActiveCfg = Release|x64
	EndGlobalSection
	GlobalSection(SolutionProperties) = preSolution
		HideSolutionNode = FALSE
	EndGlobalSection
	GlobalSection(ExtensibilityGlobals) = postSolution
		SolutionGuid = {6BE8E939-0B8B-44A2-B7D5-8A3FE2DB032B}
	EndGlobalSection
EndGlobal
