<?xml version="1.0" encoding="utf-8"?>
<Project ToolsVersion="4.0" xmlns="http://schemas.microsoft.com/developer/msbuild/2003">
  <ItemGroup>
    <Filter Include="Source Files">
      <UniqueIdentifier>{4FC737F1-C7A5-4376-A066-2A32D752A2FF}</UniqueIdentifier>
      <Extensions>qml;cpp;c;cc;cxx;def;odl;idl;hpj;bat;asm;asmx</Extensions>
    </Filter>
    <Filter Include="Header Files">
      <UniqueIdentifier>{93995380-89BD-4b04-88EB-625FBE52EBFB}</UniqueIdentifier>
      <Extensions>h;hh;hpp;hxx;hm;inl;inc;xsd</Extensions>
    </Filter>
    <Filter Include="MessageWidget">
      <UniqueIdentifier>{7f5c5eec-18ac-4e68-ad09-f0c8fbdc17ae}</UniqueIdentifier>
    </Filter>
    <Filter Include="EntryWidget">
      <UniqueIdentifier>{210bf6da-9858-49ec-bf26-f7cb747158db}</UniqueIdentifier>
    </Filter>
    <Filter Include="ChatWidget">
      <UniqueIdentifier>{623028f2-936a-45e3-980e-cb9ff9f625d8}</UniqueIdentifier>
    </Filter>
    <Filter Include="MessengerForm">
      <UniqueIdentifier>{e0ee3914-1ef0-46e3-871d-8a8fa5a20ae6}</UniqueIdentifier>
    </Filter>
  </ItemGroup>
  <ItemGroup>
    <QtUic Include="..\ChatForm\ChatWidget.ui">
      <Filter>ChatWidget</Filter>
    </QtUic>
    <QtUic Include="..\MessageWidget\MessageWidget.ui">
      <Filter>MessageWidget</Filter>
    </QtUic>
    <QtUic Include="MessengerForm.ui">
      <Filter>MessengerForm</Filter>
    </QtUic>
    <QtUic Include="EntryWidget.ui">
      <Filter>EntryWidget</Filter>
    </QtUic>
  </ItemGroup>
  <ItemGroup>
    <ClCompile Include="main.cpp">
      <Filter>Source Files</Filter>
    </ClCompile>
    <ClCompile Include="..\ChatForm\ChatWidget.cpp">
      <Filter>ChatWidget</Filter>
    </ClCompile>
    <ClCompile Include="EntryWidget.cpp">
      <Filter>EntryWidget</Filter>
    </ClCompile>
    <ClCompile Include="..\MessageWidget\MessageWidget.cpp">
      <Filter>MessageWidget</Filter>
    </ClCompile>
    <ClCompile Include="MessengerForm.cpp">
      <Filter>MessengerForm</Filter>
    </ClCompile>
  </ItemGroup>
  <ItemGroup>
    <ClInclude Include="..\include\Connection.h">
      <Filter>Header Files</Filter>
    </ClInclude>
    <ClInclude Include="..\include\Message.h">
      <Filter>Header Files</Filter>
    </ClInclude>
    <ClInclude Include="..\include\Messanger_common.h">
      <Filter>Header Files</Filter>
    </ClInclude>
    <ClInclude Include="..\include\Queue.h">
      <Filter>Header Files</Filter>
    </ClInclude>
    <ClInclude Include="..\include\Message_types.h">
      <Filter>Header Files</Filter>
    </ClInclude>
    <ClInclude Include="..\include\Messanger_nmsp.h">
      <Filter>Header Files</Filter>
    </ClInclude>
  </ItemGroup>
  <ItemGroup>
    <QtMoc Include="..\ChatForm\ChatWidget.h">
      <Filter>ChatWidget</Filter>
    </QtMoc>
    <QtMoc Include="EntryWidget.h">
      <Filter>EntryWidget</Filter>
    </QtMoc>
    <QtMoc Include="..\MessageWidget\MessageWidget.h">
      <Filter>MessageWidget</Filter>
    </QtMoc>
    <QtMoc Include="MessengerForm.h">
      <Filter>MessengerForm</Filter>
    </QtMoc>
  </ItemGroup>
</Project>